<Solution>
  <Folder Name="/src/">
    <Project Path="src/API/AutoTallerManager.API.csproj" />
    <Project Path="src/Application/AutoTallerManager.Application.csproj" />
    <Project Path="src/Domain/AutoTallerManager.Domain.csproj" />
    <Project Path="src/Infrastructure/AutoTallerManager.Infrastructure.csproj" />
  </Folder>
</Solution>
